Microsoft Visual Studio Solution File, Format Version 12.00
# Visual Studio 15
VisualStudioVersion = 15.0.27130.2036
MinimumVisualStudioVersion = 15.0.26124.0
Project("{9A19103F-16F7-4668-BE54-9A1E7A4F7556}") = "EPAM.Deltix.DFP", "EPAM.Deltix.DFP\EPAM.Deltix.DFP.csproj", "{3094BAAA-20C5-4615-B8C6-3EC3817BDEA5}"
EndProject
Project("{9A19103F-16F7-4668-BE54-9A1E7A4F7556}") = "EPAM.Deltix.DFP.Test", "EPAM.Deltix.DFP.Test\EPAM.Deltix.DFP.Test.csproj", "{6C2AFDF5-A6F9-4AC8-814D-F1A8EE513B4E}"
EndProject
Project("{9A19103F-16F7-4668-BE54-9A1E7A4F7556}") = "EPAM.Deltix.DFP.Demo", "EPAM.Deltix.DFP.Demo\EPAM.Deltix.DFP.Demo.csproj", "{4CDC6E3B-EDE9-4AC0-A144-37071C608ACD}"
EndProject
Project("{9A19103F-16F7-4668-BE54-9A1E7A4F7556}") = "EPAM.Deltix.DFP.Benchmark", "EPAM.Deltix.DFP.Benchmark\EPAM.Deltix.DFP.Benchmark.csproj", "{3DC6860F-084B-4B68-BCF0-A2F57C7E478F}"
EndProject
Global
	GlobalSection(SolutionConfigurationPlatforms) = preSolution
		Debug|Any CPU = Debug|Any CPU
		Release|Any CPU = Release|Any CPU
	EndGlobalSection
	GlobalSection(ProjectConfigurationPlatforms) = postSolution
		{3094BAAA-20C5-4615-B8C6-3EC3817BDEA5}.Debug|Any CPU.ActiveCfg = Debug|Any CPU
		{3094BAAA-20C5-4615-B8C6-3EC3817BDEA5}.Debug|Any CPU.Build.0 = Debug|Any CPU
		{3094BAAA-20C5-4615-B8C6-3EC3817BDEA5}.Release|Any CPU.ActiveCfg = Release|Any CPU
		{3094BAAA-20C5-4615-B8C6-3EC3817BDEA5}.Release|Any CPU.Build.0 = Release|Any CPU
		{6C2AFDF5-A6F9-4AC8-814D-F1A8EE513B4E}.Debug|Any CPU.ActiveCfg = Debug|Any CPU
		{6C2AFDF5-A6F9-4AC8-814D-F1A8EE513B4E}.Debug|Any CPU.Build.0 = Debug|Any CPU
		{6C2AFDF5-A6F9-4AC8-814D-F1A8EE513B4E}.Release|Any CPU.ActiveCfg = Release|Any CPU
		{6C2AFDF5-A6F9-4AC8-814D-F1A8EE513B4E}.Release|Any CPU.Build.0 = Release|Any CPU
		{4CDC6E3B-EDE9-4AC0-A144-37071C608ACD}.Debug|Any CPU.ActiveCfg = Debug|Any CPU
		{4CDC6E3B-EDE9-4AC0-A144-37071C608ACD}.Debug|Any CPU.Build.0 = Debug|Any CPU
		{4CDC6E3B-EDE9-4AC0-A144-37071C608ACD}.Release|Any CPU.ActiveCfg = Release|Any CPU
		{4CDC6E3B-EDE9-4AC0-A144-37071C608ACD}.Release|Any CPU.Build.0 = Release|Any CPU
		{3DC6860F-084B-4B68-BCF0-A2F57C7E478F}.Debug|Any CPU.ActiveCfg = Debug|Any CPU
		{3DC6860F-084B-4B68-BCF0-A2F57C7E478F}.Debug|Any CPU.Build.0 = Debug|Any CPU
		{3DC6860F-084B-4B68-BCF0-A2F57C7E478F}.Release|Any CPU.ActiveCfg = Release|Any CPU
		{3DC6860F-084B-4B68-BCF0-A2F57C7E478F}.Release|Any CPU.Build.0 = Release|Any CPU
	EndGlobalSection
	GlobalSection(SolutionProperties) = preSolution
		HideSolutionNode = FALSE
	EndGlobalSection
	GlobalSection(ExtensibilityGlobals) = postSolution
		SolutionGuid = {5BCC5764-39E7-4A9F-8BBA-7EFFC72F9E3E}
	EndGlobalSection
EndGlobal
